
Microsoft Visual Studio Solution File, Format Version 12.00
# Visual Studio Version 17
VisualStudioVersion = 17.8.34316.72
MinimumVisualStudioVersion = 10.0.40219.1
Project("{FAE04EC0-301F-11D3-BF4B-00C04F79EFBC}") = "70044_Ian_Bethe_T3", "70044_Ian_Bethe_T3\70044_Ian_Bethe_T3.csproj", "{51DD1EF7-B18C-4528-8EE5-39D70374F694}"
EndProject
Global
	GlobalSection(SolutionConfigurationPlatforms) = preSolution
		Debug|Any CPU = Debug|Any CPU
		Release|Any CPU = Release|Any CPU
	EndGlobalSection
	GlobalSection(ProjectConfigurationPlatforms) = postSolution
		{51DD1EF7-B18C-4528-8EE5-39D70374F694}.Debug|Any CPU.ActiveCfg = Debug|Any CPU
		{51DD1EF7-B18C-4528-8EE5-39D70374F694}.Debug|Any CPU.Build.0 = Debug|Any CPU
		{51DD1EF7-B18C-4528-8EE5-39D70374F694}.Release|Any CPU.ActiveCfg = Release|Any CPU
		{51DD1EF7-B18C-4528-8EE5-39D70374F694}.Release|Any CPU.Build.0 = Release|Any CPU
	EndGlobalSection
	GlobalSection(SolutionProperties) = preSolution
		HideSolutionNode = FALSE
	EndGlobalSection
	GlobalSection(ExtensibilityGlobals) = postSolution
		SolutionGuid = {6E06E8DC-1C41-479C-862B-073CF7B11417}
	EndGlobalSection
EndGlobal
